// !$*UTF8*$!
{
	archiveVersion = 1;
	classes = {
	};
	objectVersion = 46;
	objects = {

/* Begin PBXBuildFile section */
		D65E1F8A1D91126C006F7EAD /* Category in Resources */ = {isa = PBXBuildFile; fileRef = D65E1F891D91126C006F7EAD /* Category */; };
		D6C45CC01D9111220017E6E6 /* main.m in Sources */ = {isa = PBXBuildFile; fileRef = D6C45CBF1D9111220017E6E6 /* main.m */; };
		D6C45CC31D9111220017E6E6 /* AppDelegate.m in Sources */ = {isa = PBXBuildFile; fileRef = D6C45CC21D9111220017E6E6 /* AppDelegate.m */; };
		D6C45CC61D9111220017E6E6 /* ViewController.m in Sources */ = {isa = PBXBuildFile; fileRef = D6C45CC51D9111220017E6E6 /* ViewController.m */; };
		D6C45CC91D9111220017E6E6 /* Main.storyboard in Resources */ = {isa = PBXBuildFile; fileRef = D6C45CC71D9111220017E6E6 /* Main.storyboard */; };
		D6C45CCB1D9111220017E6E6 /* Assets.xcassets in Resources */ = {isa = PBXBuildFile; fileRef = D6C45CCA1D9111220017E6E6 /* Assets.xcassets */; };
		D6C45CCE1D9111220017E6E6 /* LaunchScreen.storyboard in Resources */ = {isa = PBXBuildFile; fileRef = D6C45CCC1D9111220017E6E6 /* LaunchScreen.storyboard */; };
		D6C45CD91D9111220017E6E6 /* MeExtensionTests.m in Sources */ = {isa = PBXBuildFile; fileRef = D6C45CD81D9111220017E6E6 /* MeExtensionTests.m */; };
		D6C45CE41D9111220017E6E6 /* MeExtensionUITests.m in Sources */ = {isa = PBXBuildFile; fileRef = D6C45CE31D9111220017E6E6 /* MeExtensionUITests.m */; };
/* End PBXBuildFile section */

/* Begin PBXContainerItemProxy section */
		D6C45CD51D9111220017E6E6 /* PBXContainerItemProxy */ = {
			isa = PBXContainerItemProxy;
			containerPortal = D6C45CB31D9111220017E6E6 /* Project object */;
			proxyType = 1;
			remoteGlobalIDString = D6C45CBA1D9111220017E6E6;
			remoteInfo = MeExtension;
		};
		D6C45CE01D9111220017E6E6 /* PBXContainerItemProxy */ = {
			isa = PBXContainerItemProxy;
			containerPortal = D6C45CB31D9111220017E6E6 /* Project object */;
			proxyType = 1;
			remoteGlobalIDString = D6C45CBA1D9111220017E6E6;
			remoteInfo = MeExtension;
		};
/* End PBXContainerItemProxy section */

/* Begin PBXFileReference section */
		D65E1F891D91126C006F7EAD /* Category */ = {isa = PBXFileReference; lastKnownFileType = folder; path = Category; sourceTree = "<group>"; };
		D6C45CBB1D9111220017E6E6 /* MeExtension.app */ = {isa = PBXFileReference; explicitFileType = wrapper.application; includeInIndex = 0; path = MeExtension.app; sourceTree = BUILT_PRODUCTS_DIR; };
		D6C45CBF1D9111220017E6E6 /* main.m */ = {isa = PBXFileReference; lastKnownFileType = sourcecode.c.objc; path = main.m; sourceTree = "<group>"; };
		D6C45CC11D9111220017E6E6 /* AppDelegate.h */ = {isa = PBXFileReference; lastKnownFileType = sourcecode.c.h; path = AppDelegate.h; sourceTree = "<group>"; };
		D6C45CC21D9111220017E6E6 /* AppDelegate.m */ = {isa = PBXFileReference; lastKnownFileType = sourcecode.c.objc; path = AppDelegate.m; sourceTree = "<group>"; };
		D6C45CC41D9111220017E6E6 /* ViewController.h */ = {isa = PBXFileReference; lastKnownFileType = sourcecode.c.h; path = ViewController.h; sourceTree = "<group>"; };
		D6C45CC51D9111220017E6E6 /* ViewController.m */ = {isa = PBXFileReference; lastKnownFileType = sourcecode.c.objc; path = ViewController.m; sourceTree = "<group>"; };
		D6C45CC81D9111220017E6E6 /* Base */ = {isa = PBXFileReference; lastKnownFileType = file.storyboard; name = Base; path = Base.lproj/Main.storyboard; sourceTree = "<group>"; };
		D6C45CCA1D9111220017E6E6 /* Assets.xcassets */ = {isa = PBXFileReference; lastKnownFileType = folder.assetcatalog; path = Assets.xcassets; sourceTree = "<group>"; };
		D6C45CCD1D9111220017E6E6 /* Base */ = {isa = PBXFileReference; lastKnownFileType = file.storyboard; name = Base; path = Base.lproj/LaunchScreen.storyboard; sourceTree = "<group>"; };
		D6C45CCF1D9111220017E6E6 /* Info.plist */ = {isa = PBXFileReference; lastKnownFileType = text.plist.xml; path = Info.plist; sourceTree = "<group>"; };
		D6C45CD41D9111220017E6E6 /* MeExtensionTests.xctest */ = {isa = PBXFileReference; explicitFileType = wrapper.cfbundle; includeInIndex = 0; path = MeExtensionTests.xctest; sourceTree = BUILT_PRODUCTS_DIR; };
		D6C45CD81D9111220017E6E6 /* MeExtensionTests.m */ = {isa = PBXFileReference; lastKnownFileType = sourcecode.c.objc; path = MeExtensionTests.m; sourceTree = "<group>"; };
		D6C45CDA1D9111220017E6E6 /* Info.plist */ = {isa = PBXFileReference; lastKnownFileType = text.plist.xml; path = Info.plist; sourceTree = "<group>"; };
		D6C45CDF1D9111220017E6E6 /* MeExtensionUITests.xctest */ = {isa = PBXFileReference; explicitFileType = wrapper.cfbundle; includeInIndex = 0; path = MeExtensionUITests.xctest; sourceTree = BUILT_PRODUCTS_DIR; };
		D6C45CE31D9111220017E6E6 /* MeExtensionUITests.m */ = {isa = PBXFileReference; lastKnownFileType = sourcecode.c.objc; path = MeExtensionUITests.m; sourceTree = "<group>"; };
		D6C45CE51D9111220017E6E6 /* Info.plist */ = {isa = PBXFileReference; lastKnownFileType = text.plist.xml; path = Info.plist; sourceTree = "<group>"; };
/* End PBXFileReference section */

/* Begin PBXFrameworksBuildPhase section */
		D6C45CB81D9111220017E6E6 /* Frameworks */ = {
			isa = PBXFrameworksBuildPhase;
			buildActionMask = 2147483647;
			files = (
			);
			runOnlyForDeploymentPostprocessing = 0;
		};
		D6C45CD11D9111220017E6E6 /* Frameworks */ = {
			isa = PBXFrameworksBuildPhase;
			buildActionMask = 2147483647;
			files = (
			);
			runOnlyForDeploymentPostprocessing = 0;
		};
		D6C45CDC1D9111220017E6E6 /* Frameworks */ = {
			isa = PBXFrameworksBuildPhase;
			buildActionMask = 2147483647;
			files = (
			);
			runOnlyForDeploymentPostprocessing = 0;
		};
/* End PBXFrameworksBuildPhase section */

/* Begin PBXGroup section */
		D6C45CB21D9111220017E6E6 = {
			isa = PBXGroup;
			children = (
				D65E1F891D91126C006F7EAD /* Category */,
				D6C45CBD1D9111220017E6E6 /* MeExtension */,
				D6C45CD71D9111220017E6E6 /* MeExtensionTests */,
				D6C45CE21D9111220017E6E6 /* MeExtensionUITests */,
				D6C45CBC1D9111220017E6E6 /* Products */,
			);
			sourceTree = "<group>";
		};
		D6C45CBC1D9111220017E6E6 /* Products */ = {
			isa = PBXGroup;
			children = (
				D6C45CBB1D9111220017E6E6 /* MeExtension.app */,
				D6C45CD41D9111220017E6E6 /* MeExtensionTests.xctest */,
				D6C45CDF1D9111220017E6E6 /* MeExtensionUITests.xctest */,
			);
			name = Products;
			sourceTree = "<group>";
		};
		D6C45CBD1D9111220017E6E6 /* MeExtension */ = {
			isa = PBXGroup;
			children = (
				D6C45CC11D9111220017E6E6 /* AppDelegate.h */,
				D6C45CC21D9111220017E6E6 /* AppDelegate.m */,
				D6C45CC41D9111220017E6E6 /* ViewController.h */,
				D6C45CC51D9111220017E6E6 /* ViewController.m */,
				D6C45CC71D9111220017E6E6 /* Main.storyboard */,
				D6C45CCA1D9111220017E6E6 /* Assets.xcassets */,
				D6C45CCC1D9111220017E6E6 /* LaunchScreen.storyboard */,
				D6C45CCF1D9111220017E6E6 /* Info.plist */,
				D6C45CBE1D9111220017E6E6 /* Supporting Files */,
			);
			path = MeExtension;
			sourceTree = "<group>";
		};
		D6C45CBE1D9111220017E6E6 /* Supporting Files */ = {
			isa = PBXGroup;
			children = (
				D6C45CBF1D9111220017E6E6 /* main.m */,
			);
			name = "Supporting Files";
			sourceTree = "<group>";
		};
		D6C45CD71D9111220017E6E6 /* MeExtensionTests */ = {
			isa = PBXGroup;
			children = (
				D6C45CD81D9111220017E6E6 /* MeExtensionTests.m */,
				D6C45CDA1D9111220017E6E6 /* Info.plist */,
			);
			path = MeExtensionTests;
			sourceTree = "<group>";
		};
		D6C45CE21D9111220017E6E6 /* MeExtensionUITests */ = {
			isa = PBXGroup;
			children = (
				D6C45CE31D9111220017E6E6 /* MeExtensionUITests.m */,
				D6C45CE51D9111220017E6E6 /* Info.plist */,
			);
			path = MeExtensionUITests;
			sourceTree = "<group>";
		};
/* End PBXGroup section */

/* Begin PBXNativeTarget section */
		D6C45CBA1D9111220017E6E6 /* MeExtension */ = {
			isa = PBXNativeTarget;
			buildConfigurationList = D6C45CE81D9111230017E6E6 /* Build configuration list for PBXNativeTarget "MeExtension" */;
			buildPhases = (
				D6C45CB71D9111220017E6E6 /* Sources */,
				D6C45CB81D9111220017E6E6 /* Frameworks */,
				D6C45CB91D9111220017E6E6 /* Resources */,
			);
			buildRules = (
			);
			dependencies = (
			);
			name = MeExtension;
			productName = MeExtension;
			productReference = D6C45CBB1D9111220017E6E6 /* MeExtension.app */;
			productType = "com.apple.product-type.application";
		};
		D6C45CD31D9111220017E6E6 /* MeExtensionTests */ = {
			isa = PBXNativeTarget;
			buildConfigurationList = D6C45CEB1D9111230017E6E6 /* Build configuration list for PBXNativeTarget "MeExtensionTests" */;
			buildPhases = (
				D6C45CD01D9111220017E6E6 /* Sources */,
				D6C45CD11D9111220017E6E6 /* Frameworks */,
				D6C45CD21D9111220017E6E6 /* Resources */,
			);
			buildRules = (
			);
			dependencies = (
				D6C45CD61D9111220017E6E6 /* PBXTargetDependency */,
			);
			name = MeExtensionTests;
			productName = MeExtensionTests;
			productReference = D6C45CD41D9111220017E6E6 /* MeExtensionTests.xctest */;
			productType = "com.apple.product-type.bundle.unit-test";
		};
		D6C45CDE1D9111220017E6E6 /* MeExtensionUITests */ = {
			isa = PBXNativeTarget;
			buildConfigurationList = D6C45CEE1D9111230017E6E6 /* Build configuration list for PBXNativeTarget "MeExtensionUITests" */;
			buildPhases = (
				D6C45CDB1D9111220017E6E6 /* Sources */,
				D6C45CDC1D9111220017E6E6 /* Frameworks */,
				D6C45CDD1D9111220017E6E6 /* Resources */,
			);
			buildRules = (
			);
			dependencies = (
				D6C45CE11D9111220017E6E6 /* PBXTargetDependency */,
			);
			name = MeExtensionUITests;
			productName = MeExtensionUITests;
			productReference = D6C45CDF1D9111220017E6E6 /* MeExtensionUITests.xctest */;
			productType = "com.apple.product-type.bundle.ui-testing";
		};
/* End PBXNativeTarget section */

/* Begin PBXProject section */
		D6C45CB31D9111220017E6E6 /* Project object */ = {
			isa = PBXProject;
			attributes = {
				LastUpgradeCheck = 0720;
				ORGANIZATIONNAME = "孙胜腾";
				TargetAttributes = {
					D6C45CBA1D9111220017E6E6 = {
						CreatedOnToolsVersion = 7.2;
						DevelopmentTeam = 7YZ5LY2F9J;
					};
					D6C45CD31D9111220017E6E6 = {
						CreatedOnToolsVersion = 7.2;
						DevelopmentTeam = 7YZ5LY2F9J;
						TestTargetID = D6C45CBA1D9111220017E6E6;
					};
					D6C45CDE1D9111220017E6E6 = {
						CreatedOnToolsVersion = 7.2;
						DevelopmentTeam = 7YZ5LY2F9J;
						TestTargetID = D6C45CBA1D9111220017E6E6;
					};
				};
			};
			buildConfigurationList = D6C45CB61D9111220017E6E6 /* Build configuration list for PBXProject "MeExtension" */;
			compatibilityVersion = "Xcode 3.2";
			developmentRegion = English;
			hasScannedForEncodings = 0;
			knownRegions = (
				en,
				Base,
			);
			mainGroup = D6C45CB21D9111220017E6E6;
			productRefGroup = D6C45CBC1D9111220017E6E6 /* Products */;
			projectDirPath = "";
			projectRoot = "";
			targets = (
				D6C45CBA1D9111220017E6E6 /* MeExtension */,
				D6C45CD31D9111220017E6E6 /* MeExtensionTests */,
				D6C45CDE1D9111220017E6E6 /* MeExtensionUITests */,
			);
		};
/* End PBXProject section */

/* Begin PBXResourcesBuildPhase section */
		D6C45CB91D9111220017E6E6 /* Resources */ = {
			isa = PBXResourcesBuildPhase;
			buildActionMask = 2147483647;
			files = (
				D6C45CCE1D9111220017E6E6 /* LaunchScreen.storyboard in Resources */,
				D6C45CCB1D9111220017E6E6 /* Assets.xcassets in Resources */,
				D65E1F8A1D91126C006F7EAD /* Category in Resources */,
				D6C45CC91D9111220017E6E6 /* Main.storyboard in Resources */,
			);
			runOnlyForDeploymentPostprocessing = 0;
		};
		D6C45CD21D9111220017E6E6 /* Resources */ = {
			isa = PBXResourcesBuildPhase;
			buildActionMask = 2147483647;
			files = (
			);
			runOnlyForDeploymentPostprocessing = 0;
		};
		D6C45CDD1D9111220017E6E6 /* Resources */ = {
			isa = PBXResourcesBuildPhase;
			buildActionMask = 2147483647;
			files = (
			);
			runOnlyForDeploymentPostprocessing = 0;
		};
/* End PBXResourcesBuildPhase section */

/* Begin PBXSourcesBuildPhase section */
		D6C45CB71D9111220017E6E6 /* Sources */ = {
			isa = PBXSourcesBuildPhase;
			buildActionMask = 2147483647;
			files = (
				D6C45CC61D9111220017E6E6 /* ViewController.m in Sources */,
				D6C45CC31D9111220017E6E6 /* AppDelegate.m in Sources */,
				D6C45CC01D9111220017E6E6 /* main.m in Sources */,
			);
			runOnlyForDeploymentPostprocessing = 0;
		};
		D6C45CD01D9111220017E6E6 /* Sources */ = {
			isa = PBXSourcesBuildPhase;
			buildActionMask = 2147483647;
			files = (
				D6C45CD91D9111220017E6E6 /* MeExtensionTests.m in Sources */,
			);
			runOnlyForDeploymentPostprocessing = 0;
		};
		D6C45CDB1D9111220017E6E6 /* Sources */ = {
			isa = PBXSourcesBuildPhase;
			buildActionMask = 2147483647;
			files = (
				D6C45CE41D9111220017E6E6 /* MeExtensionUITests.m in Sources */,
			);
			runOnlyForDeploymentPostprocessing = 0;
		};
/* End PBXSourcesBuildPhase section */

/* Begin PBXTargetDependency section */
		D6C45CD61D9111220017E6E6 /* PBXTargetDependency */ = {
			isa = PBXTargetDependency;
			target = D6C45CBA1D9111220017E6E6 /* MeExtension */;
			targetProxy = D6C45CD51D9111220017E6E6 /* PBXContainerItemProxy */;
		};
		D6C45CE11D9111220017E6E6 /* PBXTargetDependency */ = {
			isa = PBXTargetDependency;
			target = D6C45CBA1D9111220017E6E6 /* MeExtension */;
			targetProxy = D6C45CE01D9111220017E6E6 /* PBXContainerItemProxy */;
		};
/* End PBXTargetDependency section */

/* Begin PBXVariantGroup section */
		D6C45CC71D9111220017E6E6 /* Main.storyboard */ = {
			isa = PBXVariantGroup;
			children = (
				D6C45CC81D9111220017E6E6 /* Base */,
			);
			name = Main.storyboard;
			sourceTree = "<group>";
		};
		D6C45CCC1D9111220017E6E6 /* LaunchScreen.storyboard */ = {
			isa = PBXVariantGroup;
			children = (
				D6C45CCD1D9111220017E6E6 /* Base */,
			);
			name = LaunchScreen.storyboard;
			sourceTree = "<group>";
		};
/* End PBXVariantGroup section */

/* Begin XCBuildConfiguration section */
		D6C45CE61D9111220017E6E6 /* Debug */ = {
			isa = XCBuildConfiguration;
			buildSettings = {
				ALWAYS_SEARCH_USER_PATHS = NO;
				CLANG_CXX_LANGUAGE_STANDARD = "gnu++0x";
				CLANG_CXX_LIBRARY = "libc++";
				CLANG_ENABLE_MODULES = YES;
				CLANG_ENABLE_OBJC_ARC = YES;
				CLANG_WARN_BOOL_CONVERSION = YES;
				CLANG_WARN_CONSTANT_CONVERSION = YES;
				CLANG_WARN_DIRECT_OBJC_ISA_USAGE = YES_ERROR;
				CLANG_WARN_EMPTY_BODY = YES;
				CLANG_WARN_ENUM_CONVERSION = YES;
				CLANG_WARN_INT_CONVERSION = YES;
				CLANG_WARN_OBJC_ROOT_CLASS = YES_ERROR;
				CLANG_WARN_UNREACHABLE_CODE = YES;
				CLANG_WARN__DUPLICATE_METHOD_MATCH = YES;
				"CODE_SIGN_IDENTITY[sdk=iphoneos*]" = "iPhone Developer";
				COPY_PHASE_STRIP = NO;
				DEBUG_INFORMATION_FORMAT = dwarf;
				ENABLE_STRICT_OBJC_MSGSEND = YES;
				ENABLE_TESTABILITY = YES;
				GCC_C_LANGUAGE_STANDARD = gnu99;
				GCC_DYNAMIC_NO_PIC = NO;
				GCC_NO_COMMON_BLOCKS = YES;
				GCC_OPTIMIZATION_LEVEL = 0;
				GCC_PREPROCESSOR_DEFINITIONS = (
					"DEBUG=1",
					"$(inherited)",
				);
				GCC_WARN_64_TO_32_BIT_CONVERSION = YES;
				GCC_WARN_ABOUT_RETURN_TYPE = YES_ERROR;
				GCC_WARN_UNDECLARED_SELECTOR = YES;
				GCC_WARN_UNINITIALIZED_AUTOS = YES_AGGRESSIVE;
				GCC_WARN_UNUSED_FUNCTION = YES;
				GCC_WARN_UNUSED_VARIABLE = YES;
				IPHONEOS_DEPLOYMENT_TARGET = 9.2;
				MTL_ENABLE_DEBUG_INFO = YES;
				ONLY_ACTIVE_ARCH = YES;
				SDKROOT = iphoneos;
				TARGETED_DEVICE_FAMILY = "1,2";
			};
			name = Debug;
		};
		D6C45CE71D9111230017E6E6 /* Release */ = {
			isa = XCBuildConfiguration;
			buildSettings = {
				ALWAYS_SEARCH_USER_PATHS = NO;
				CLANG_CXX_LANGUAGE_STANDARD = "gnu++0x";
				CLANG_CXX_LIBRARY = "libc++";
				CLANG_ENABLE_MODULES = YES;
				CLANG_ENABLE_OBJC_ARC = YES;
				CLANG_WARN_BOOL_CONVERSION = YES;
				CLANG_WARN_CONSTANT_CONVERSION = YES;
				CLANG_WARN_DIRECT_OBJC_ISA_USAGE = YES_ERROR;
				CLANG_WARN_EMPTY_BODY = YES;
				CLANG_WARN_ENUM_CONVERSION = YES;
				CLANG_WARN_INT_CONVERSION = YES;
				CLANG_WARN_OBJC_ROOT_CLASS = YES_ERROR;
				CLANG_WARN_UNREACHABLE_CODE = YES;
				CLANG_WARN__DUPLICATE_METHOD_MATCH = YES;
				"CODE_SIGN_IDENTITY[sdk=iphoneos*]" = "iPhone Developer";
				COPY_PHASE_STRIP = NO;
				DEBUG_INFORMATION_FORMAT = "dwarf-with-dsym";
				ENABLE_NS_ASSERTIONS = NO;
				ENABLE_STRICT_OBJC_MSGSEND = YES;
				GCC_C_LANGUAGE_STANDARD = gnu99;
				GCC_NO_COMMON_BLOCKS = YES;
				GCC_WARN_64_TO_32_BIT_CONVERSION = YES;
				GCC_WARN_ABOUT_RETURN_TYPE = YES_ERROR;
				GCC_WARN_UNDECLARED_SELECTOR = YES;
				GCC_WARN_UNINITIALIZED_AUTOS = YES_AGGRESSIVE;
				GCC_WARN_UNUSED_FUNCTION = YES;
				GCC_WARN_UNUSED_VARIABLE = YES;
				IPHONEOS_DEPLOYMENT_TARGET = 9.2;
				MTL_ENABLE_DEBUG_INFO = NO;
				SDKROOT = iphoneos;
				TARGETED_DEVICE_FAMILY = "1,2";
				VALIDATE_PRODUCT = YES;
			};
			name = Release;
		};
		D6C45CE91D9111230017E6E6 /* Debug */ = {
			isa = XCBuildConfiguration;
			buildSettings = {
				ASSETCATALOG_COMPILER_APPICON_NAME = AppIcon;
				INFOPLIST_FILE = MeExtension/Info.plist;
				IPHONEOS_DEPLOYMENT_TARGET = 7.0;
				LD_RUNPATH_SEARCH_PATHS = "$(inherited) @executable_path/Frameworks";
				PRODUCT_BUNDLE_IDENTIFIER = sst.MeExtension;
				PRODUCT_NAME = "$(TARGET_NAME)";
			};
			name = Debug;
		};
		D6C45CEA1D9111230017E6E6 /* Release */ = {
			isa = XCBuildConfiguration;
			buildSettings = {
				ASSETCATALOG_COMPILER_APPICON_NAME = AppIcon;
				INFOPLIST_FILE = MeExtension/Info.plist;
				IPHONEOS_DEPLOYMENT_TARGET = 7.0;
				LD_RUNPATH_SEARCH_PATHS = "$(inherited) @executable_path/Frameworks";
				PRODUCT_BUNDLE_IDENTIFIER = sst.MeExtension;
				PRODUCT_NAME = "$(TARGET_NAME)";
			};
			name = Release;
		};
		D6C45CEC1D9111230017E6E6 /* Debug */ = {
			isa = XCBuildConfiguration;
			buildSettings = {
				BUNDLE_LOADER = "$(TEST_HOST)";
				INFOPLIST_FILE = MeExtensionTests/Info.plist;
				LD_RUNPATH_SEARCH_PATHS = "$(inherited) @executable_path/Frameworks @loader_path/Frameworks";
				PRODUCT_BUNDLE_IDENTIFIER = sst.MeExtensionTests;
				PRODUCT_NAME = "$(TARGET_NAME)";
				TEST_HOST = "$(BUILT_PRODUCTS_DIR)/MeExtension.app/MeExtension";
			};
			name = Debug;
		};
		D6C45CED1D9111230017E6E6 /* Release */ = {
			isa = XCBuildConfiguration;
			buildSettings = {
				BUNDLE_LOADER = "$(TEST_HOST)";
				INFOPLIST_FILE = MeExtensionTests/Info.plist;
				LD_RUNPATH_SEARCH_PATHS = "$(inherited) @executable_path/Frameworks @loader_path/Frameworks";
				PRODUCT_BUNDLE_IDENTIFIER = sst.MeExtensionTests;
				PRODUCT_NAME = "$(TARGET_NAME)";
				TEST_HOST = "$(BUILT_PRODUCTS_DIR)/MeExtension.app/MeExtension";
			};
			name = Release;
		};
		D6C45CEF1D9111230017E6E6 /* Debug */ = {
			isa = XCBuildConfiguration;
			buildSettings = {
				INFOPLIST_FILE = MeExtensionUITests/Info.plist;
				LD_RUNPATH_SEARCH_PATHS = "$(inherited) @executable_path/Frameworks @loader_path/Frameworks";
				PRODUCT_BUNDLE_IDENTIFIER = sst.MeExtensionUITests;
				PRODUCT_NAME = "$(TARGET_NAME)";
				TEST_TARGET_NAME = MeExtension;
				USES_XCTRUNNER = YES;
			};
			name = Debug;
		};
		D6C45CF01D9111230017E6E6 /* Release */ = {
			isa = XCBuildConfiguration;
			buildSettings = {
				INFOPLIST_FILE = MeExtensionUITests/Info.plist;
				LD_RUNPATH_SEARCH_PATHS = "$(inherited) @executable_path/Frameworks @loader_path/Frameworks";
				PRODUCT_BUNDLE_IDENTIFIER = sst.MeExtensionUITests;
				PRODUCT_NAME = "$(TARGET_NAME)";
				TEST_TARGET_NAME = MeExtension;
				USES_XCTRUNNER = YES;
			};
			name = Release;
		};
/* End XCBuildConfiguration section */

/* Begin XCConfigurationList section */
		D6C45CB61D9111220017E6E6 /* Build configuration list for PBXProject "MeExtension" */ = {
			isa = XCConfigurationList;
			buildConfigurations = (
				D6C45CE61D9111220017E6E6 /* Debug */,
				D6C45CE71D9111230017E6E6 /* Release */,
			);
			defaultConfigurationIsVisible = 0;
			defaultConfigurationName = Release;
		};
		D6C45CE81D9111230017E6E6 /* Build configuration list for PBXNativeTarget "MeExtension" */ = {
			isa = XCConfigurationList;
			buildConfigurations = (
				D6C45CE91D9111230017E6E6 /* Debug */,
				D6C45CEA1D9111230017E6E6 /* Release */,
			);
			defaultConfigurationIsVisible = 0;
			defaultConfigurationName = Release;
		};
		D6C45CEB1D9111230017E6E6 /* Build configuration list for PBXNativeTarget "MeExtensionTests" */ = {
			isa = XCConfigurationList;
			buildConfigurations = (
				D6C45CEC1D9111230017E6E6 /* Debug */,
				D6C45CED1D9111230017E6E6 /* Release */,
			);
			defaultConfigurationIsVisible = 0;
			defaultConfigurationName = Release;
		};
		D6C45CEE1D9111230017E6E6 /* Build configuration list for PBXNativeTarget "MeExtensionUITests" */ = {
			isa = XCConfigurationList;
			buildConfigurations = (
				D6C45CEF1D9111230017E6E6 /* Debug */,
				D6C45CF01D9111230017E6E6 /* Release */,
			);
			defaultConfigurationIsVisible = 0;
			defaultConfigurationName = Release;
		};
/* End XCConfigurationList section */
	};
	rootObject = D6C45CB31D9111220017E6E6 /* Project object */;
}
